<Solution>
  <Project Path="HexBaronQ1/HexBaronQ1.csproj" Id="06cf5989-4bcf-4b52-a5eb-d15afbb42fb3" />
  <Project Path="HexBaronQ10/HexBaronQ10Unfinished.csproj" Id="0d2317f3-d286-45d2-af25-c9666c0b7bc5" />
  <Project Path="HexBaronQ11/HexBaronQ11.csproj" Id="0b33713b-321e-4d53-9708-3dadbe38f0b9" />
  <Project Path="HexBaronQ16/HexBaronQ16.csproj" Id="0437c56e-efa1-426a-a890-cc60cc508362" />
  <Project Path="HexBaronQ2/HexBaronQ2.csproj" Id="ed96a26b-32cb-4409-bdbf-29922d7356ac" />
  <Project Path="HexBaronQ3/HexBaronQ3.csproj" Id="388788d1-2424-4295-b4e2-39c87ee73ba8" />
  <Project Path="HexBaronQ4/HexBaronQ4.csproj" Id="a27cf4f8-0169-41b6-a19f-89bcaa8bb7a1" />
  <Project Path="HexBaronQ5/HexBaronQ5.csproj" Id="f020a1b1-bc6c-4c24-8065-2d66818f5298" />
  <Project Path="HexBaronQ5Attempt2/HexBaronQ5Attempt2YeahUseThisInstead.csproj" Id="85713327-6dcc-4635-a674-ec1380a7cdb1" />
  <Project Path="HexBaronQ6/HexBaronQ6.csproj" Id="efa54b3e-c400-4580-a1e7-3054b9165daa" />
  <Project Path="HexBaronQ7/HexBaronQ7.csproj" Id="04a9d40c-bed4-4fd2-8cc6-90751f5cdfc1" />
  <Project Path="HexBaronQ8/HexBaronQ8.csproj" Id="e3798fcc-1cf9-4ee6-b20c-234d1f0e0849" />
  <Project Path="HexBaronQ9/HexBaronQ9.csproj" Id="045689c0-38a5-4650-9122-20e095e42305" />
  <Project Path="Template/Template.csproj" />
</Solution>